// !$*UTF8*$!
{
	archiveVersion = 1;
	classes = {
	};
	objectVersion = 56;
	objects = {

/* Begin PBXBuildFile section */
		C53AC8EE296137A50053812E /* Vapor_iOSApp.swift in Sources */ = {isa = PBXBuildFile; fileRef = C53AC8ED296137A50053812E /* Vapor_iOSApp.swift */; };
		C53AC8F2296137A70053812E /* Assets.xcassets in Resources */ = {isa = PBXBuildFile; fileRef = C53AC8F1296137A70053812E /* Assets.xcassets */; };
		C53AC8F5296137A70053812E /* Preview Assets.xcassets in Resources */ = {isa = PBXBuildFile; fileRef = C53AC8F4296137A70053812E /* Preview Assets.xcassets */; };
		C53AC8FD296137E30053812E /* Person.swift in Sources */ = {isa = PBXBuildFile; fileRef = C53AC8FC296137E30053812E /* Person.swift */; };
		C53AC908296137F20053812E /* Constants.swift in Sources */ = {isa = PBXBuildFile; fileRef = C53AC8FF296137F10053812E /* Constants.swift */; };
		C53AC909296137F20053812E /* ModalType.swift in Sources */ = {isa = PBXBuildFile; fileRef = C53AC900296137F10053812E /* ModalType.swift */; };
		C53AC90A296137F20053812E /* NetworkManager.swift in Sources */ = {isa = PBXBuildFile; fileRef = C53AC901296137F10053812E /* NetworkManager.swift */; };
		C53AC90B296137F20053812E /* PersonListViewModel.swift in Sources */ = {isa = PBXBuildFile; fileRef = C53AC903296137F20053812E /* PersonListViewModel.swift */; };
		C53AC90C296137F20053812E /* AddUpdatePersonViewModel.swift in Sources */ = {isa = PBXBuildFile; fileRef = C53AC904296137F20053812E /* AddUpdatePersonViewModel.swift */; };
		C53AC90D296137F20053812E /* AddUpdatePerson.swift in Sources */ = {isa = PBXBuildFile; fileRef = C53AC906296137F20053812E /* AddUpdatePerson.swift */; };
		C53AC90E296137F20053812E /* PersonList.swift in Sources */ = {isa = PBXBuildFile; fileRef = C53AC907296137F20053812E /* PersonList.swift */; };
/* End PBXBuildFile section */

/* Begin PBXFileReference section */
		C53AC8EA296137A50053812E /* Vapor-iOS.app */ = {isa = PBXFileReference; explicitFileType = wrapper.application; includeInIndex = 0; path = "Vapor-iOS.app"; sourceTree = BUILT_PRODUCTS_DIR; };
		C53AC8ED296137A50053812E /* Vapor_iOSApp.swift */ = {isa = PBXFileReference; lastKnownFileType = sourcecode.swift; path = Vapor_iOSApp.swift; sourceTree = "<group>"; };
		C53AC8F1296137A70053812E /* Assets.xcassets */ = {isa = PBXFileReference; lastKnownFileType = folder.assetcatalog; path = Assets.xcassets; sourceTree = "<group>"; };
		C53AC8F4296137A70053812E /* Preview Assets.xcassets */ = {isa = PBXFileReference; lastKnownFileType = folder.assetcatalog; path = "Preview Assets.xcassets"; sourceTree = "<group>"; };
		C53AC8FC296137E30053812E /* Person.swift */ = {isa = PBXFileReference; fileEncoding = 4; lastKnownFileType = sourcecode.swift; path = Person.swift; sourceTree = "<group>"; };
		C53AC8FF296137F10053812E /* Constants.swift */ = {isa = PBXFileReference; fileEncoding = 4; lastKnownFileType = sourcecode.swift; path = Constants.swift; sourceTree = "<group>"; };
		C53AC900296137F10053812E /* ModalType.swift */ = {isa = PBXFileReference; fileEncoding = 4; lastKnownFileType = sourcecode.swift; path = ModalType.swift; sourceTree = "<group>"; };
		C53AC901296137F10053812E /* NetworkManager.swift */ = {isa = PBXFileReference; fileEncoding = 4; lastKnownFileType = sourcecode.swift; path = NetworkManager.swift; sourceTree = "<group>"; };
		C53AC903296137F20053812E /* PersonListViewModel.swift */ = {isa = PBXFileReference; fileEncoding = 4; lastKnownFileType = sourcecode.swift; path = PersonListViewModel.swift; sourceTree = "<group>"; };
		C53AC904296137F20053812E /* AddUpdatePersonViewModel.swift */ = {isa = PBXFileReference; fileEncoding = 4; lastKnownFileType = sourcecode.swift; path = AddUpdatePersonViewModel.swift; sourceTree = "<group>"; };
		C53AC906296137F20053812E /* AddUpdatePerson.swift */ = {isa = PBXFileReference; fileEncoding = 4; lastKnownFileType = sourcecode.swift; path = AddUpdatePerson.swift; sourceTree = "<group>"; };
		C53AC907296137F20053812E /* PersonList.swift */ = {isa = PBXFileReference; fileEncoding = 4; lastKnownFileType = sourcecode.swift; path = PersonList.swift; sourceTree = "<group>"; };
/* End PBXFileReference section */

/* Begin PBXFrameworksBuildPhase section */
		C53AC8E7296137A50053812E /* Frameworks */ = {
			isa = PBXFrameworksBuildPhase;
			buildActionMask = 2147483647;
			files = (
			);
			runOnlyForDeploymentPostprocessing = 0;
		};
/* End PBXFrameworksBuildPhase section */

/* Begin PBXGroup section */
		C53AC8E1296137A50053812E = {
			isa = PBXGroup;
			children = (
				C53AC8EC296137A50053812E /* Vapor-iOS */,
				C53AC8EB296137A50053812E /* Products */,
			);
			sourceTree = "<group>";
		};
		C53AC8EB296137A50053812E /* Products */ = {
			isa = PBXGroup;
			children = (
				C53AC8EA296137A50053812E /* Vapor-iOS.app */,
			);
			name = Products;
			sourceTree = "<group>";
		};
		C53AC8EC296137A50053812E /* Vapor-iOS */ = {
			isa = PBXGroup;
			children = (
				C53AC8FB296137E30053812E /* Model */,
				C53AC8FE296137F10053812E /* Utility */,
				C53AC905296137F20053812E /* View */,
				C53AC902296137F20053812E /* View Model */,
				C53AC8ED296137A50053812E /* Vapor_iOSApp.swift */,
				C53AC8F1296137A70053812E /* Assets.xcassets */,
				C53AC8F3296137A70053812E /* Preview Content */,
			);
			path = "Vapor-iOS";
			sourceTree = "<group>";
		};
		C53AC8F3296137A70053812E /* Preview Content */ = {
			isa = PBXGroup;
			children = (
				C53AC8F4296137A70053812E /* Preview Assets.xcassets */,
			);
			path = "Preview Content";
			sourceTree = "<group>";
		};
		C53AC8FB296137E30053812E /* Model */ = {
			isa = PBXGroup;
			children = (
				C53AC8FC296137E30053812E /* Person.swift */,
			);
			path = Model;
			sourceTree = "<group>";
		};
		C53AC8FE296137F10053812E /* Utility */ = {
			isa = PBXGroup;
			children = (
				C53AC8FF296137F10053812E /* Constants.swift */,
				C53AC900296137F10053812E /* ModalType.swift */,
				C53AC901296137F10053812E /* NetworkManager.swift */,
			);
			path = Utility;
			sourceTree = "<group>";
		};
		C53AC902296137F20053812E /* View Model */ = {
			isa = PBXGroup;
			children = (
				C53AC903296137F20053812E /* PersonListViewModel.swift */,
				C53AC904296137F20053812E /* AddUpdatePersonViewModel.swift */,
			);
			path = "View Model";
			sourceTree = "<group>";
		};
		C53AC905296137F20053812E /* View */ = {
			isa = PBXGroup;
			children = (
				C53AC906296137F20053812E /* AddUpdatePerson.swift */,
				C53AC907296137F20053812E /* PersonList.swift */,
			);
			path = View;
			sourceTree = "<group>";
		};
/* End PBXGroup section */

/* Begin PBXNativeTarget section */
		C53AC8E9296137A50053812E /* Vapor-iOS */ = {
			isa = PBXNativeTarget;
			buildConfigurationList = C53AC8F8296137A70053812E /* Build configuration list for PBXNativeTarget "Vapor-iOS" */;
			buildPhases = (
				C53AC8E6296137A50053812E /* Sources */,
				C53AC8E7296137A50053812E /* Frameworks */,
				C53AC8E8296137A50053812E /* Resources */,
			);
			buildRules = (
			);
			dependencies = (
			);
			name = "Vapor-iOS";
			productName = "Vapor-iOS";
			productReference = C53AC8EA296137A50053812E /* Vapor-iOS.app */;
			productType = "com.apple.product-type.application";
		};
/* End PBXNativeTarget section */

/* Begin PBXProject section */
		C53AC8E2296137A50053812E /* Project object */ = {
			isa = PBXProject;
			attributes = {
				BuildIndependentTargetsInParallel = 1;
				LastSwiftUpdateCheck = 1400;
				LastUpgradeCheck = 1400;
				TargetAttributes = {
					C53AC8E9296137A50053812E = {
						CreatedOnToolsVersion = 14.0.1;
					};
				};
			};
			buildConfigurationList = C53AC8E5296137A50053812E /* Build configuration list for PBXProject "Vapor-iOS" */;
			compatibilityVersion = "Xcode 14.0";
			developmentRegion = en;
			hasScannedForEncodings = 0;
			knownRegions = (
				en,
				Base,
			);
			mainGroup = C53AC8E1296137A50053812E;
			productRefGroup = C53AC8EB296137A50053812E /* Products */;
			projectDirPath = "";
			projectRoot = "";
			targets = (
				C53AC8E9296137A50053812E /* Vapor-iOS */,
			);
		};
/* End PBXProject section */

/* Begin PBXResourcesBuildPhase section */
		C53AC8E8296137A50053812E /* Resources */ = {
			isa = PBXResourcesBuildPhase;
			buildActionMask = 2147483647;
			files = (
				C53AC8F5296137A70053812E /* Preview Assets.xcassets in Resources */,
				C53AC8F2296137A70053812E /* Assets.xcassets in Resources */,
			);
			runOnlyForDeploymentPostprocessing = 0;
		};
/* End PBXResourcesBuildPhase section */

/* Begin PBXSourcesBuildPhase section */
		C53AC8E6296137A50053812E /* Sources */ = {
			isa = PBXSourcesBuildPhase;
			buildActionMask = 2147483647;
			files = (
				C53AC90C296137F20053812E /* AddUpdatePersonViewModel.swift in Sources */,
				C53AC90A296137F20053812E /* NetworkManager.swift in Sources */,
				C53AC909296137F20053812E /* ModalType.swift in Sources */,
				C53AC90B296137F20053812E /* PersonListViewModel.swift in Sources */,
				C53AC8FD296137E30053812E /* Person.swift in Sources */,
				C53AC90D296137F20053812E /* AddUpdatePerson.swift in Sources */,
				C53AC8EE296137A50053812E /* Vapor_iOSApp.swift in Sources */,
				C53AC90E296137F20053812E /* PersonList.swift in Sources */,
				C53AC908296137F20053812E /* Constants.swift in Sources */,
			);
			runOnlyForDeploymentPostprocessing = 0;
		};
/* End PBXSourcesBuildPhase section */

/* Begin XCBuildConfiguration section */
		C53AC8F6296137A70053812E /* Debug */ = {
			isa = XCBuildConfiguration;
			buildSettings = {
				ALWAYS_SEARCH_USER_PATHS = NO;
				CLANG_ANALYZER_NONNULL = YES;
				CLANG_ANALYZER_NUMBER_OBJECT_CONVERSION = YES_AGGRESSIVE;
				CLANG_CXX_LANGUAGE_STANDARD = "gnu++20";
				CLANG_ENABLE_MODULES = YES;
				CLANG_ENABLE_OBJC_ARC = YES;
				CLANG_ENABLE_OBJC_WEAK = YES;
				CLANG_WARN_BLOCK_CAPTURE_AUTORELEASING = YES;
				CLANG_WARN_BOOL_CONVERSION = YES;
				CLANG_WARN_COMMA = YES;
				CLANG_WARN_CONSTANT_CONVERSION = YES;
				CLANG_WARN_DEPRECATED_OBJC_IMPLEMENTATIONS = YES;
				CLANG_WARN_DIRECT_OBJC_ISA_USAGE = YES_ERROR;
				CLANG_WARN_DOCUMENTATION_COMMENTS = YES;
				CLANG_WARN_EMPTY_BODY = YES;
				CLANG_WARN_ENUM_CONVERSION = YES;
				CLANG_WARN_INFINITE_RECURSION = YES;
				CLANG_WARN_INT_CONVERSION = YES;
				CLANG_WARN_NON_LITERAL_NULL_CONVERSION = YES;
				CLANG_WARN_OBJC_IMPLICIT_RETAIN_SELF = YES;
				CLANG_WARN_OBJC_LITERAL_CONVERSION = YES;
				CLANG_WARN_OBJC_ROOT_CLASS = YES_ERROR;
				CLANG_WARN_QUOTED_INCLUDE_IN_FRAMEWORK_HEADER = YES;
				CLANG_WARN_RANGE_LOOP_ANALYSIS = YES;
				CLANG_WARN_STRICT_PROTOTYPES = YES;
				CLANG_WARN_SUSPICIOUS_MOVE = YES;
				CLANG_WARN_UNGUARDED_AVAILABILITY = YES_AGGRESSIVE;
				CLANG_WARN_UNREACHABLE_CODE = YES;
				CLANG_WARN__DUPLICATE_METHOD_MATCH = YES;
				COPY_PHASE_STRIP = NO;
				DEBUG_INFORMATION_FORMAT = dwarf;
				ENABLE_STRICT_OBJC_MSGSEND = YES;
				ENABLE_TESTABILITY = YES;
				GCC_C_LANGUAGE_STANDARD = gnu11;
				GCC_DYNAMIC_NO_PIC = NO;
				GCC_NO_COMMON_BLOCKS = YES;
				GCC_OPTIMIZATION_LEVEL = 0;
				GCC_PREPROCESSOR_DEFINITIONS = (
					"DEBUG=1",
					"$(inherited)",
				);
				GCC_WARN_64_TO_32_BIT_CONVERSION = YES;
				GCC_WARN_ABOUT_RETURN_TYPE = YES_ERROR;
				GCC_WARN_UNDECLARED_SELECTOR = YES;
				GCC_WARN_UNINITIALIZED_AUTOS = YES_AGGRESSIVE;
				GCC_WARN_UNUSED_FUNCTION = YES;
				GCC_WARN_UNUSED_VARIABLE = YES;
				IPHONEOS_DEPLOYMENT_TARGET = 16.0;
				MTL_ENABLE_DEBUG_INFO = INCLUDE_SOURCE;
				MTL_FAST_MATH = YES;
				ONLY_ACTIVE_ARCH = YES;
				SDKROOT = iphoneos;
				SWIFT_ACTIVE_COMPILATION_CONDITIONS = DEBUG;
				SWIFT_OPTIMIZATION_LEVEL = "-Onone";
			};
			name = Debug;
		};
		C53AC8F7296137A70053812E /* Release */ = {
			isa = XCBuildConfiguration;
			buildSettings = {
				ALWAYS_SEARCH_USER_PATHS = NO;
				CLANG_ANALYZER_NONNULL = YES;
				CLANG_ANALYZER_NUMBER_OBJECT_CONVERSION = YES_AGGRESSIVE;
				CLANG_CXX_LANGUAGE_STANDARD = "gnu++20";
				CLANG_ENABLE_MODULES = YES;
				CLANG_ENABLE_OBJC_ARC = YES;
				CLANG_ENABLE_OBJC_WEAK = YES;
				CLANG_WARN_BLOCK_CAPTURE_AUTORELEASING = YES;
				CLANG_WARN_BOOL_CONVERSION = YES;
				CLANG_WARN_COMMA = YES;
				CLANG_WARN_CONSTANT_CONVERSION = YES;
				CLANG_WARN_DEPRECATED_OBJC_IMPLEMENTATIONS = YES;
				CLANG_WARN_DIRECT_OBJC_ISA_USAGE = YES_ERROR;
				CLANG_WARN_DOCUMENTATION_COMMENTS = YES;
				CLANG_WARN_EMPTY_BODY = YES;
				CLANG_WARN_ENUM_CONVERSION = YES;
				CLANG_WARN_INFINITE_RECURSION = YES;
				CLANG_WARN_INT_CONVERSION = YES;
				CLANG_WARN_NON_LITERAL_NULL_CONVERSION = YES;
				CLANG_WARN_OBJC_IMPLICIT_RETAIN_SELF = YES;
				CLANG_WARN_OBJC_LITERAL_CONVERSION = YES;
				CLANG_WARN_OBJC_ROOT_CLASS = YES_ERROR;
				CLANG_WARN_QUOTED_INCLUDE_IN_FRAMEWORK_HEADER = YES;
				CLANG_WARN_RANGE_LOOP_ANALYSIS = YES;
				CLANG_WARN_STRICT_PROTOTYPES = YES;
				CLANG_WARN_SUSPICIOUS_MOVE = YES;
				CLANG_WARN_UNGUARDED_AVAILABILITY = YES_AGGRESSIVE;
				CLANG_WARN_UNREACHABLE_CODE = YES;
				CLANG_WARN__DUPLICATE_METHOD_MATCH = YES;
				COPY_PHASE_STRIP = NO;
				DEBUG_INFORMATION_FORMAT = "dwarf-with-dsym";
				ENABLE_NS_ASSERTIONS = NO;
				ENABLE_STRICT_OBJC_MSGSEND = YES;
				GCC_C_LANGUAGE_STANDARD = gnu11;
				GCC_NO_COMMON_BLOCKS = YES;
				GCC_WARN_64_TO_32_BIT_CONVERSION = YES;
				GCC_WARN_ABOUT_RETURN_TYPE = YES_ERROR;
				GCC_WARN_UNDECLARED_SELECTOR = YES;
				GCC_WARN_UNINITIALIZED_AUTOS = YES_AGGRESSIVE;
				GCC_WARN_UNUSED_FUNCTION = YES;
				GCC_WARN_UNUSED_VARIABLE = YES;
				IPHONEOS_DEPLOYMENT_TARGET = 16.0;
				MTL_ENABLE_DEBUG_INFO = NO;
				MTL_FAST_MATH = YES;
				SDKROOT = iphoneos;
				SWIFT_COMPILATION_MODE = wholemodule;
				SWIFT_OPTIMIZATION_LEVEL = "-O";
				VALIDATE_PRODUCT = YES;
			};
			name = Release;
		};
		C53AC8F9296137A70053812E /* Debug */ = {
			isa = XCBuildConfiguration;
			buildSettings = {
				ASSETCATALOG_COMPILER_APPICON_NAME = AppIcon;
				ASSETCATALOG_COMPILER_GLOBAL_ACCENT_COLOR_NAME = AccentColor;
				CODE_SIGN_STYLE = Automatic;
				CURRENT_PROJECT_VERSION = 1;
				DEVELOPMENT_ASSET_PATHS = "\"Vapor-iOS/Preview Content\"";
				ENABLE_PREVIEWS = YES;
				GENERATE_INFOPLIST_FILE = YES;
				INFOPLIST_KEY_UIApplicationSceneManifest_Generation = YES;
				INFOPLIST_KEY_UIApplicationSupportsIndirectInputEvents = YES;
				INFOPLIST_KEY_UILaunchScreen_Generation = YES;
				INFOPLIST_KEY_UISupportedInterfaceOrientations_iPad = "UIInterfaceOrientationPortrait UIInterfaceOrientationPortraitUpsideDown UIInterfaceOrientationLandscapeLeft UIInterfaceOrientationLandscapeRight";
				INFOPLIST_KEY_UISupportedInterfaceOrientations_iPhone = "UIInterfaceOrientationPortrait UIInterfaceOrientationLandscapeLeft UIInterfaceOrientationLandscapeRight";
				LD_RUNPATH_SEARCH_PATHS = (
					"$(inherited)",
					"@executable_path/Frameworks",
				);
				MARKETING_VERSION = 1.0;
				PRODUCT_BUNDLE_IDENTIFIER = "edu.duke.rocco.Vapor-iOS";
				PRODUCT_NAME = "$(TARGET_NAME)";
				SWIFT_EMIT_LOC_STRINGS = YES;
				SWIFT_VERSION = 5.0;
				TARGETED_DEVICE_FAMILY = "1,2";
			};
			name = Debug;
		};
		C53AC8FA296137A70053812E /* Release */ = {
			isa = XCBuildConfiguration;
			buildSettings = {
				ASSETCATALOG_COMPILER_APPICON_NAME = AppIcon;
				ASSETCATALOG_COMPILER_GLOBAL_ACCENT_COLOR_NAME = AccentColor;
				CODE_SIGN_STYLE = Automatic;
				CURRENT_PROJECT_VERSION = 1;
				DEVELOPMENT_ASSET_PATHS = "\"Vapor-iOS/Preview Content\"";
				ENABLE_PREVIEWS = YES;
				GENERATE_INFOPLIST_FILE = YES;
				INFOPLIST_KEY_UIApplicationSceneManifest_Generation = YES;
				INFOPLIST_KEY_UIApplicationSupportsIndirectInputEvents = YES;
				INFOPLIST_KEY_UILaunchScreen_Generation = YES;
				INFOPLIST_KEY_UISupportedInterfaceOrientations_iPad = "UIInterfaceOrientationPortrait UIInterfaceOrientationPortraitUpsideDown UIInterfaceOrientationLandscapeLeft UIInterfaceOrientationLandscapeRight";
				INFOPLIST_KEY_UISupportedInterfaceOrientations_iPhone = "UIInterfaceOrientationPortrait UIInterfaceOrientationLandscapeLeft UIInterfaceOrientationLandscapeRight";
				LD_RUNPATH_SEARCH_PATHS = (
					"$(inherited)",
					"@executable_path/Frameworks",
				);
				MARKETING_VERSION = 1.0;
				PRODUCT_BUNDLE_IDENTIFIER = "edu.duke.rocco.Vapor-iOS";
				PRODUCT_NAME = "$(TARGET_NAME)";
				SWIFT_EMIT_LOC_STRINGS = YES;
				SWIFT_VERSION = 5.0;
				TARGETED_DEVICE_FAMILY = "1,2";
			};
			name = Release;
		};
/* End XCBuildConfiguration section */

/* Begin XCConfigurationList section */
		C53AC8E5296137A50053812E /* Build configuration list for PBXProject "Vapor-iOS" */ = {
			isa = XCConfigurationList;
			buildConfigurations = (
				C53AC8F6296137A70053812E /* Debug */,
				C53AC8F7296137A70053812E /* Release */,
			);
			defaultConfigurationIsVisible = 0;
			defaultConfigurationName = Release;
		};
		C53AC8F8296137A70053812E /* Build configuration list for PBXNativeTarget "Vapor-iOS" */ = {
			isa = XCConfigurationList;
			buildConfigurations = (
				C53AC8F9296137A70053812E /* Debug */,
				C53AC8FA296137A70053812E /* Release */,
			);
			defaultConfigurationIsVisible = 0;
			defaultConfigurationName = Release;
		};
/* End XCConfigurationList section */
	};
	rootObject = C53AC8E2296137A50053812E /* Project object */;
}
